
Microsoft Visual Studio Solution File, Format Version 12.00
# Visual Studio Version 16
VisualStudioVersion = 16.0.31702.278
MinimumVisualStudioVersion = 10.0.40219.1
Project("{FAE04EC0-301F-11D3-BF4B-00C04F79EFBC}") = "ShopApp.Entities", "ShopApp.Entities\ShopApp.Entities.csproj", "{316EB22C-C0B4-4DAE-9DCD-AFCD10F92E86}"
EndProject
Project("{FAE04EC0-301F-11D3-BF4B-00C04F79EFBC}") = "ShopApp.DataAccess", "ShopApp.DataAccess\ShopApp.DataAccess.csproj", "{E035E72C-4415-485C-BDBA-782AE8E166FA}"
EndProject
Project("{FAE04EC0-301F-11D3-BF4B-00C04F79EFBC}") = "ShopApp.Business", "ShopApp.Business\ShopApp.Business.csproj", "{087EAB63-608F-48D0-A4CC-0B77EF8F37E1}"
EndProject
Project("{FAE04EC0-301F-11D3-BF4B-00C04F79EFBC}") = "ShopApp.WebUI", "ShopApp.WebUI\ShopApp.WebUI.csproj", "{D9793D3A-8F90-4811-86E6-45807090845E}"
EndProject
Global
	GlobalSection(SolutionConfigurationPlatforms) = preSolution
		Debug|Any CPU = Debug|Any CPU
		Release|Any CPU = Release|Any CPU
	EndGlobalSection
	GlobalSection(ProjectConfigurationPlatforms) = postSolution
		{316EB22C-C0B4-4DAE-9DCD-AFCD10F92E86}.Debug|Any CPU.ActiveCfg = Debug|Any CPU
		{316EB22C-C0B4-4DAE-9DCD-AFCD10F92E86}.Debug|Any CPU.Build.0 = Debug|Any CPU
		{316EB22C-C0B4-4DAE-9DCD-AFCD10F92E86}.Release|Any CPU.ActiveCfg = Release|Any CPU
		{316EB22C-C0B4-4DAE-9DCD-AFCD10F92E86}.Release|Any CPU.Build.0 = Release|Any CPU
		{E035E72C-4415-485C-BDBA-782AE8E166FA}.Debug|Any CPU.ActiveCfg = Debug|Any CPU
		{E035E72C-4415-485C-BDBA-782AE8E166FA}.Debug|Any CPU.Build.0 = Debug|Any CPU
		{E035E72C-4415-485C-BDBA-782AE8E166FA}.Release|Any CPU.ActiveCfg = Release|Any CPU
		{E035E72C-4415-485C-BDBA-782AE8E166FA}.Release|Any CPU.Build.0 = Release|Any CPU
		{087EAB63-608F-48D0-A4CC-0B77EF8F37E1}.Debug|Any CPU.ActiveCfg = Debug|Any CPU
		{087EAB63-608F-48D0-A4CC-0B77EF8F37E1}.Debug|Any CPU.Build.0 = Debug|Any CPU
		{087EAB63-608F-48D0-A4CC-0B77EF8F37E1}.Release|Any CPU.ActiveCfg = Release|Any CPU
		{087EAB63-608F-48D0-A4CC-0B77EF8F37E1}.Release|Any CPU.Build.0 = Release|Any CPU
		{D9793D3A-8F90-4811-86E6-45807090845E}.Debug|Any CPU.ActiveCfg = Debug|Any CPU
		{D9793D3A-8F90-4811-86E6-45807090845E}.Debug|Any CPU.Build.0 = Debug|Any CPU
		{D9793D3A-8F90-4811-86E6-45807090845E}.Release|Any CPU.ActiveCfg = Release|Any CPU
		{D9793D3A-8F90-4811-86E6-45807090845E}.Release|Any CPU.Build.0 = Release|Any CPU
	EndGlobalSection
	GlobalSection(SolutionProperties) = preSolution
		HideSolutionNode = FALSE
	EndGlobalSection
	GlobalSection(ExtensibilityGlobals) = postSolution
		SolutionGuid = {2DD8A4AA-49B1-4CAC-98FC-561D6D74C3C9}
	EndGlobalSection
EndGlobal
